
Microsoft Visual Studio Solution File, Format Version 12.00
# Visual Studio 15
VisualStudioVersion = 15.0.28010.2050
MinimumVisualStudioVersion = 10.0.40219.1
Project("{8BC9CEB8-8B4A-11D0-8D11-00A0C91BC942}") = "递归求组合数", "递归求组合数\递归求组合数.vcxproj", "{E419D41C-333E-4F2A-AC16-3B77E8F19ADC}"
EndProject
Global
	GlobalSection(SolutionConfigurationPlatforms) = preSolution
		Debug|x64 = Debug|x64
		Debug|x86 = Debug|x86
		Release|x64 = Release|x64
		Release|x86 = Release|x86
	EndGlobalSection
	GlobalSection(ProjectConfigurationPlatforms) = postSolution
		{E419D41C-333E-4F2A-AC16-3B77E8F19ADC}.Debug|x64.ActiveCfg = Debug|x64
		{E419D41C-333E-4F2A-AC16-3B77E8F19ADC}.Debug|x64.Build.0 = Debug|x64
		{E419D41C-333E-4F2A-AC16-3B77E8F19ADC}.Debug|x86.ActiveCfg = Debug|Win32
		{E419D41C-333E-4F2A-AC16-3B77E8F19ADC}.Debug|x86.Build.0 = Debug|Win32
		{E419D41C-333E-4F2A-AC16-3B77E8F19ADC}.Release|x64.ActiveCfg = Release|x64
		{E419D41C-333E-4F2A-AC16-3B77E8F19ADC}.Release|x64.Build.0 = Release|x64
		{E419D41C-333E-4F2A-AC16-3B77E8F19ADC}.Release|x86.ActiveCfg = Release|Win32
		{E419D41C-333E-4F2A-AC16-3B77E8F19ADC}.Release|x86.Build.0 = Release|Win32
	EndGlobalSection
	GlobalSection(SolutionProperties) = preSolution
		HideSolutionNode = FALSE
	EndGlobalSection
	GlobalSection(ExtensibilityGlobals) = postSolution
		SolutionGuid = {76CC5E3A-02E9-40FB-B5D1-C026DAD72005}
	EndGlobalSection
EndGlobal
